# Hash-locked dependency set for the Windows tester (cp312, win_amd64).
# Generated with `pip install --dry-run --report` on the target platform (#41/#42).
# Used by setup.ps1 via `pip install --require-hashes`.

colorama==0.4.6 --hash=sha256:4f1d9991f5acc0ca119f9d443620b77f9d6b33703e51011c16baf57afb285fc6
flatbuffers==25.12.19 --hash=sha256:7634f50c427838bb021c2d66a3d1168e9d199b0607e6329399f04846d42e20b4
iniconfig==2.3.0 --hash=sha256:f631c04d2c48c52b84d0d0549c99ff3859c98df65b3101406327ecc7d53fbf12
mss==10.0.0 --hash=sha256:82cf6460a53d09e79b7b6d871163c982e6c7e9649c426e7b7591b74956d5cb64
numpy==2.2.6 --hash=sha256:c1f9540be57940698ed329904db803cf7a402f3fc200bfe599334c9bd84a40b2
onnxruntime==1.26.0 --hash=sha256:a26374dc7fbcaae593601086b242120e13f2310558df0991da6dd8b8fac00414
packaging==26.2 --hash=sha256:5fc45236b9446107ff2415ce77c807cee2862cb6fac22b8a73826d0693b0980e
pillow==11.0.0 --hash=sha256:8ec4a89295cd6cd4d1058a5e6aec6bf51e0eaaf9714774e1bfac7cfc9051db47
pluggy==1.6.0 --hash=sha256:e920276dd6813095e9377c0bc5566d94c932c33b27a3e3945d8389c374dd4746
protobuf==7.35.0 --hash=sha256:f05bcadf9a2a6b8dda047007075135fb7d08c73d9177aabc067e1be46881a201
pytest==8.3.4 --hash=sha256:50e16d954148559c9a74109af1eaf0c945ba2d8f30f0a3d3335edde19788b6f6
